// !$*UTF8*$!
{
	archiveVersion = 1;
	classes = {
	};
	objectVersion = 46;
	objects = {

/* Begin PBXBuildFile section */
		9278CF62141FEA5700B70414 /* UIKit.framework in Frameworks */ = {isa = PBXBuildFile; fileRef = 9278CF61141FEA5700B70414 /* UIKit.framework */; };
		9278CF64141FEA5700B70414 /* Foundation.framework in Frameworks */ = {isa = PBXBuildFile; fileRef = 9278CF63141FEA5700B70414 /* Foundation.framework */; };
		9278CF66141FEA5700B70414 /* CoreGraphics.framework in Frameworks */ = {isa = PBXBuildFile; fileRef = 9278CF65141FEA5700B70414 /* CoreGraphics.framework */; };
		9278CF68141FEA5700B70414 /* CoreData.framework in Frameworks */ = {isa = PBXBuildFile; fileRef = 9278CF67141FEA5700B70414 /* CoreData.framework */; };
		9278CF6E141FEA5700B70414 /* InfoPlist.strings in Resources */ = {isa = PBXBuildFile; fileRef = 9278CF6C141FEA5700B70414 /* InfoPlist.strings */; };
		9278CF70141FEA5700B70414 /* main.m in Sources */ = {isa = PBXBuildFile; fileRef = 9278CF6F141FEA5700B70414 /* main.m */; };
		9278CF74141FEA5700B70414 /* TweetieCageAppDelegate.m in Sources */ = {isa = PBXBuildFile; fileRef = 9278CF73141FEA5700B70414 /* TweetieCageAppDelegate.m */; };
		9278CF7A141FEA5700B70414 /* TweetieCage.xcdatamodeld in Sources */ = {isa = PBXBuildFile; fileRef = 9278CF78141FEA5700B70414 /* TweetieCage.xcdatamodeld */; };
		9282F0501429335E000739D2 /* Tweet.m in Sources */ = {isa = PBXBuildFile; fileRef = 9282F04F1429335E000739D2 /* Tweet.m */; };
		92A68C1C14211678005740D7 /* TCTableViewController.m in Sources */ = {isa = PBXBuildFile; fileRef = 92A68C1B14211678005740D7 /* TCTableViewController.m */; };
		92E68CC81422720F000A4569 /* YAJLiOS.framework in Frameworks */ = {isa = PBXBuildFile; fileRef = 92E68CC71422720F000A4569 /* YAJLiOS.framework */; };
		92E68D2D14228913000A4569 /* ActiveRecordHelpers.m in Sources */ = {isa = PBXBuildFile; fileRef = 92E68D1F14228913000A4569 /* ActiveRecordHelpers.m */; };
		92E68D2E14228913000A4569 /* ARCoreDataAction.m in Sources */ = {isa = PBXBuildFile; fileRef = 92E68D2114228913000A4569 /* ARCoreDataAction.m */; };
		92E68D2F14228913000A4569 /* NSManagedObject+ActiveRecord.m in Sources */ = {isa = PBXBuildFile; fileRef = 92E68D2414228913000A4569 /* NSManagedObject+ActiveRecord.m */; };
		92E68D3014228913000A4569 /* NSManagedObjectContext+ActiveRecord.m in Sources */ = {isa = PBXBuildFile; fileRef = 92E68D2614228913000A4569 /* NSManagedObjectContext+ActiveRecord.m */; };
		92E68D3114228913000A4569 /* NSManagedObjectModel+ActiveRecord.m in Sources */ = {isa = PBXBuildFile; fileRef = 92E68D2814228913000A4569 /* NSManagedObjectModel+ActiveRecord.m */; };
		92E68D3214228913000A4569 /* NSPersistentStore+ActiveRecord.m in Sources */ = {isa = PBXBuildFile; fileRef = 92E68D2A14228913000A4569 /* NSPersistentStore+ActiveRecord.m */; };
		92E68D3314228913000A4569 /* NSPersistentStoreCoordinator+ActiveRecord.m in Sources */ = {isa = PBXBuildFile; fileRef = 92E68D2C14228913000A4569 /* NSPersistentStoreCoordinator+ActiveRecord.m */; };
		92FAD2461427B24F00F43636 /* TCTableViewCell.m in Sources */ = {isa = PBXBuildFile; fileRef = 92FAD2451427B24F00F43636 /* TCTableViewCell.m */; };
		92FAD2491427D01800F43636 /* NSDate+Helper.m in Sources */ = {isa = PBXBuildFile; fileRef = 92FAD2481427D01700F43636 /* NSDate+Helper.m */; };
/* End PBXBuildFile section */

/* Begin PBXFileReference section */
		9278CF5D141FEA5700B70414 /* TweetieCage.app */ = {isa = PBXFileReference; explicitFileType = wrapper.application; includeInIndex = 0; path = TweetieCage.app; sourceTree = BUILT_PRODUCTS_DIR; };
		9278CF61141FEA5700B70414 /* UIKit.framework */ = {isa = PBXFileReference; lastKnownFileType = wrapper.framework; name = UIKit.framework; path = System/Library/Frameworks/UIKit.framework; sourceTree = SDKROOT; };
		9278CF63141FEA5700B70414 /* Foundation.framework */ = {isa = PBXFileReference; lastKnownFileType = wrapper.framework; name = Foundation.framework; path = System/Library/Frameworks/Foundation.framework; sourceTree = SDKROOT; };
		9278CF65141FEA5700B70414 /* CoreGraphics.framework */ = {isa = PBXFileReference; lastKnownFileType = wrapper.framework; name = CoreGraphics.framework; path = System/Library/Frameworks/CoreGraphics.framework; sourceTree = SDKROOT; };
		9278CF67141FEA5700B70414 /* CoreData.framework */ = {isa = PBXFileReference; lastKnownFileType = wrapper.framework; name = CoreData.framework; path = System/Library/Frameworks/CoreData.framework; sourceTree = SDKROOT; };
		9278CF6B141FEA5700B70414 /* TweetieCage-Info.plist */ = {isa = PBXFileReference; lastKnownFileType = text.plist.xml; path = "TweetieCage-Info.plist"; sourceTree = "<group>"; };
		9278CF6D141FEA5700B70414 /* en */ = {isa = PBXFileReference; lastKnownFileType = text.plist.strings; name = en; path = en.lproj/InfoPlist.strings; sourceTree = "<group>"; };
		9278CF6F141FEA5700B70414 /* main.m */ = {isa = PBXFileReference; lastKnownFileType = sourcecode.c.objc; path = main.m; sourceTree = "<group>"; };
		9278CF71141FEA5700B70414 /* TweetieCage-Prefix.pch */ = {isa = PBXFileReference; lastKnownFileType = sourcecode.c.h; path = "TweetieCage-Prefix.pch"; sourceTree = "<group>"; };
		9278CF72141FEA5700B70414 /* TweetieCageAppDelegate.h */ = {isa = PBXFileReference; lastKnownFileType = sourcecode.c.h; path = TweetieCageAppDelegate.h; sourceTree = "<group>"; };
		9278CF73141FEA5700B70414 /* TweetieCageAppDelegate.m */ = {isa = PBXFileReference; lastKnownFileType = sourcecode.c.objc; path = TweetieCageAppDelegate.m; sourceTree = "<group>"; };
		9278CF79141FEA5700B70414 /* TweetieCage.xcdatamodel */ = {isa = PBXFileReference; lastKnownFileType = wrapper.xcdatamodel; path = TweetieCage.xcdatamodel; sourceTree = "<group>"; };
		9282F04E1429335E000739D2 /* Tweet.h */ = {isa = PBXFileReference; fileEncoding = 4; lastKnownFileType = sourcecode.c.h; path = Tweet.h; sourceTree = "<group>"; };
		9282F04F1429335E000739D2 /* Tweet.m */ = {isa = PBXFileReference; fileEncoding = 4; lastKnownFileType = sourcecode.c.objc; path = Tweet.m; sourceTree = "<group>"; };
		92A68C1A14211678005740D7 /* TCTableViewController.h */ = {isa = PBXFileReference; fileEncoding = 4; lastKnownFileType = sourcecode.c.h; path = TCTableViewController.h; sourceTree = "<group>"; };
		92A68C1B14211678005740D7 /* TCTableViewController.m */ = {isa = PBXFileReference; fileEncoding = 4; lastKnownFileType = sourcecode.c.objc; path = TCTableViewController.m; sourceTree = "<group>"; };
		92E68CC71422720F000A4569 /* YAJLiOS.framework */ = {isa = PBXFileReference; lastKnownFileType = wrapper.framework; name = YAJLiOS.framework; path = Frameworks/YAJLiOS.framework; sourceTree = "<group>"; };
		92E68D1E14228913000A4569 /* ActiveRecordHelpers.h */ = {isa = PBXFileReference; fileEncoding = 4; lastKnownFileType = sourcecode.c.h; path = ActiveRecordHelpers.h; sourceTree = "<group>"; };
		92E68D1F14228913000A4569 /* ActiveRecordHelpers.m */ = {isa = PBXFileReference; fileEncoding = 4; lastKnownFileType = sourcecode.c.objc; path = ActiveRecordHelpers.m; sourceTree = "<group>"; };
		92E68D2014228913000A4569 /* ARCoreDataAction.h */ = {isa = PBXFileReference; fileEncoding = 4; lastKnownFileType = sourcecode.c.h; path = ARCoreDataAction.h; sourceTree = "<group>"; };
		92E68D2114228913000A4569 /* ARCoreDataAction.m */ = {isa = PBXFileReference; fileEncoding = 4; lastKnownFileType = sourcecode.c.objc; path = ARCoreDataAction.m; sourceTree = "<group>"; };
		92E68D2214228913000A4569 /* CoreData+ActiveRecordFetching.h */ = {isa = PBXFileReference; fileEncoding = 4; lastKnownFileType = sourcecode.c.h; path = "CoreData+ActiveRecordFetching.h"; sourceTree = "<group>"; };
		92E68D2314228913000A4569 /* NSManagedObject+ActiveRecord.h */ = {isa = PBXFileReference; fileEncoding = 4; lastKnownFileType = sourcecode.c.h; path = "NSManagedObject+ActiveRecord.h"; sourceTree = "<group>"; };
		92E68D2414228913000A4569 /* NSManagedObject+ActiveRecord.m */ = {isa = PBXFileReference; fileEncoding = 4; lastKnownFileType = sourcecode.c.objc; path = "NSManagedObject+ActiveRecord.m"; sourceTree = "<group>"; };
		92E68D2514228913000A4569 /* NSManagedObjectContext+ActiveRecord.h */ = {isa = PBXFileReference; fileEncoding = 4; lastKnownFileType = sourcecode.c.h; path = "NSManagedObjectContext+ActiveRecord.h"; sourceTree = "<group>"; };
		92E68D2614228913000A4569 /* NSManagedObjectContext+ActiveRecord.m */ = {isa = PBXFileReference; fileEncoding = 4; lastKnownFileType = sourcecode.c.objc; path = "NSManagedObjectContext+ActiveRecord.m"; sourceTree = "<group>"; };
		92E68D2714228913000A4569 /* NSManagedObjectModel+ActiveRecord.h */ = {isa = PBXFileReference; fileEncoding = 4; lastKnownFileType = sourcecode.c.h; path = "NSManagedObjectModel+ActiveRecord.h"; sourceTree = "<group>"; };
		92E68D2814228913000A4569 /* NSManagedObjectModel+ActiveRecord.m */ = {isa = PBXFileReference; fileEncoding = 4; lastKnownFileType = sourcecode.c.objc; path = "NSManagedObjectModel+ActiveRecord.m"; sourceTree = "<group>"; };
		92E68D2914228913000A4569 /* NSPersistentStore+ActiveRecord.h */ = {isa = PBXFileReference; fileEncoding = 4; lastKnownFileType = sourcecode.c.h; path = "NSPersistentStore+ActiveRecord.h"; sourceTree = "<group>"; };
		92E68D2A14228913000A4569 /* NSPersistentStore+ActiveRecord.m */ = {isa = PBXFileReference; fileEncoding = 4; lastKnownFileType = sourcecode.c.objc; path = "NSPersistentStore+ActiveRecord.m"; sourceTree = "<group>"; };
		92E68D2B14228913000A4569 /* NSPersistentStoreCoordinator+ActiveRecord.h */ = {isa = PBXFileReference; fileEncoding = 4; lastKnownFileType = sourcecode.c.h; path = "NSPersistentStoreCoordinator+ActiveRecord.h"; sourceTree = "<group>"; };
		92E68D2C14228913000A4569 /* NSPersistentStoreCoordinator+ActiveRecord.m */ = {isa = PBXFileReference; fileEncoding = 4; lastKnownFileType = sourcecode.c.objc; path = "NSPersistentStoreCoordinator+ActiveRecord.m"; sourceTree = "<group>"; };
		92FAD2441427B24F00F43636 /* TCTableViewCell.h */ = {isa = PBXFileReference; fileEncoding = 4; lastKnownFileType = sourcecode.c.h; path = TCTableViewCell.h; sourceTree = "<group>"; };
		92FAD2451427B24F00F43636 /* TCTableViewCell.m */ = {isa = PBXFileReference; fileEncoding = 4; lastKnownFileType = sourcecode.c.objc; path = TCTableViewCell.m; sourceTree = "<group>"; };
		92FAD2471427D01700F43636 /* NSDate+Helper.h */ = {isa = PBXFileReference; fileEncoding = 4; lastKnownFileType = sourcecode.c.h; path = "NSDate+Helper.h"; sourceTree = "<group>"; };
		92FAD2481427D01700F43636 /* NSDate+Helper.m */ = {isa = PBXFileReference; fileEncoding = 4; lastKnownFileType = sourcecode.c.objc; path = "NSDate+Helper.m"; sourceTree = "<group>"; };
/* End PBXFileReference section */

/* Begin PBXFrameworksBuildPhase section */
		9278CF5A141FEA5700B70414 /* Frameworks */ = {
			isa = PBXFrameworksBuildPhase;
			buildActionMask = 2147483647;
			files = (
				9278CF62141FEA5700B70414 /* UIKit.framework in Frameworks */,
				9278CF64141FEA5700B70414 /* Foundation.framework in Frameworks */,
				9278CF66141FEA5700B70414 /* CoreGraphics.framework in Frameworks */,
				9278CF68141FEA5700B70414 /* CoreData.framework in Frameworks */,
				92E68CC81422720F000A4569 /* YAJLiOS.framework in Frameworks */,
			);
			runOnlyForDeploymentPostprocessing = 0;
		};
/* End PBXFrameworksBuildPhase section */

/* Begin PBXGroup section */
		9278CF52141FEA5700B70414 = {
			isa = PBXGroup;
			children = (
				9278CF69141FEA5700B70414 /* TweetieCage */,
				9278CF60141FEA5700B70414 /* Frameworks */,
				9278CF5E141FEA5700B70414 /* Products */,
			);
			sourceTree = "<group>";
		};
		9278CF5E141FEA5700B70414 /* Products */ = {
			isa = PBXGroup;
			children = (
				9278CF5D141FEA5700B70414 /* TweetieCage.app */,
			);
			name = Products;
			sourceTree = "<group>";
		};
		9278CF60141FEA5700B70414 /* Frameworks */ = {
			isa = PBXGroup;
			children = (
				92E68CC71422720F000A4569 /* YAJLiOS.framework */,
				9278CF61141FEA5700B70414 /* UIKit.framework */,
				9278CF63141FEA5700B70414 /* Foundation.framework */,
				9278CF65141FEA5700B70414 /* CoreGraphics.framework */,
				9278CF67141FEA5700B70414 /* CoreData.framework */,
			);
			name = Frameworks;
			sourceTree = "<group>";
		};
		9278CF69141FEA5700B70414 /* TweetieCage */ = {
			isa = PBXGroup;
			children = (
				92FAD2471427D01700F43636 /* NSDate+Helper.h */,
				92FAD2481427D01700F43636 /* NSDate+Helper.m */,
				9278CF6A141FEA5700B70414 /* Supporting Files */,
				9278CF831420E72400B70414 /* Model */,
				92E68CCC142285B0000A4569 /* Libraries */,
				9278CF72141FEA5700B70414 /* TweetieCageAppDelegate.h */,
				9278CF73141FEA5700B70414 /* TweetieCageAppDelegate.m */,
				92A68C1A14211678005740D7 /* TCTableViewController.h */,
				92A68C1B14211678005740D7 /* TCTableViewController.m */,
				92FAD2441427B24F00F43636 /* TCTableViewCell.h */,
				92FAD2451427B24F00F43636 /* TCTableViewCell.m */,
				9278CF78141FEA5700B70414 /* TweetieCage.xcdatamodeld */,
			);
			path = TweetieCage;
			sourceTree = "<group>";
		};
		9278CF6A141FEA5700B70414 /* Supporting Files */ = {
			isa = PBXGroup;
			children = (
				9278CF6B141FEA5700B70414 /* TweetieCage-Info.plist */,
				9278CF6C141FEA5700B70414 /* InfoPlist.strings */,
				9278CF6F141FEA5700B70414 /* main.m */,
				9278CF71141FEA5700B70414 /* TweetieCage-Prefix.pch */,
			);
			name = "Supporting Files";
			sourceTree = "<group>";
		};
		9278CF831420E72400B70414 /* Model */ = {
			isa = PBXGroup;
			children = (
				9282F04E1429335E000739D2 /* Tweet.h */,
				9282F04F1429335E000739D2 /* Tweet.m */,
			);
			name = Model;
			sourceTree = "<group>";
		};
		92E68CCC142285B0000A4569 /* Libraries */ = {
			isa = PBXGroup;
			children = (
				92E68CE814228635000A4569 /* magicalrecord */,
			);
			name = Libraries;
			sourceTree = "<group>";
		};
		92E68CE814228635000A4569 /* magicalrecord */ = {
			isa = PBXGroup;
			children = (
				92E68D1E14228913000A4569 /* ActiveRecordHelpers.h */,
				92E68D1F14228913000A4569 /* ActiveRecordHelpers.m */,
				92E68D2014228913000A4569 /* ARCoreDataAction.h */,
				92E68D2114228913000A4569 /* ARCoreDataAction.m */,
				92E68D2214228913000A4569 /* CoreData+ActiveRecordFetching.h */,
				92E68D2314228913000A4569 /* NSManagedObject+ActiveRecord.h */,
				92E68D2414228913000A4569 /* NSManagedObject+ActiveRecord.m */,
				92E68D2514228913000A4569 /* NSManagedObjectContext+ActiveRecord.h */,
				92E68D2614228913000A4569 /* NSManagedObjectContext+ActiveRecord.m */,
				92E68D2714228913000A4569 /* NSManagedObjectModel+ActiveRecord.h */,
				92E68D2814228913000A4569 /* NSManagedObjectModel+ActiveRecord.m */,
				92E68D2914228913000A4569 /* NSPersistentStore+ActiveRecord.h */,
				92E68D2A14228913000A4569 /* NSPersistentStore+ActiveRecord.m */,
				92E68D2B14228913000A4569 /* NSPersistentStoreCoordinator+ActiveRecord.h */,
				92E68D2C14228913000A4569 /* NSPersistentStoreCoordinator+ActiveRecord.m */,
			);
			name = magicalrecord;
			sourceTree = "<group>";
		};
/* End PBXGroup section */

/* Begin PBXNativeTarget section */
		9278CF5C141FEA5700B70414 /* TweetieCage */ = {
			isa = PBXNativeTarget;
			buildConfigurationList = 9278CF7D141FEA5700B70414 /* Build configuration list for PBXNativeTarget "TweetieCage" */;
			buildPhases = (
				9278CF59141FEA5700B70414 /* Sources */,
				9278CF5A141FEA5700B70414 /* Frameworks */,
				9278CF5B141FEA5700B70414 /* Resources */,
			);
			buildRules = (
			);
			dependencies = (
			);
			name = TweetieCage;
			productName = TweetieCage;
			productReference = 9278CF5D141FEA5700B70414 /* TweetieCage.app */;
			productType = "com.apple.product-type.application";
		};
/* End PBXNativeTarget section */

/* Begin PBXProject section */
		9278CF54141FEA5700B70414 /* Project object */ = {
			isa = PBXProject;
			attributes = {
				ORGANIZATIONNAME = "Cleverest Solutions";
			};
			buildConfigurationList = 9278CF57141FEA5700B70414 /* Build configuration list for PBXProject "TweetieCage" */;
			compatibilityVersion = "Xcode 3.2";
			developmentRegion = English;
			hasScannedForEncodings = 0;
			knownRegions = (
				en,
			);
			mainGroup = 9278CF52141FEA5700B70414;
			productRefGroup = 9278CF5E141FEA5700B70414 /* Products */;
			projectDirPath = "";
			projectRoot = "";
			targets = (
				9278CF5C141FEA5700B70414 /* TweetieCage */,
			);
		};
/* End PBXProject section */

/* Begin PBXResourcesBuildPhase section */
		9278CF5B141FEA5700B70414 /* Resources */ = {
			isa = PBXResourcesBuildPhase;
			buildActionMask = 2147483647;
			files = (
				9278CF6E141FEA5700B70414 /* InfoPlist.strings in Resources */,
			);
			runOnlyForDeploymentPostprocessing = 0;
		};
/* End PBXResourcesBuildPhase section */

/* Begin PBXSourcesBuildPhase section */
		9278CF59141FEA5700B70414 /* Sources */ = {
			isa = PBXSourcesBuildPhase;
			buildActionMask = 2147483647;
			files = (
				9278CF70141FEA5700B70414 /* main.m in Sources */,
				9278CF74141FEA5700B70414 /* TweetieCageAppDelegate.m in Sources */,
				9278CF7A141FEA5700B70414 /* TweetieCage.xcdatamodeld in Sources */,
				92A68C1C14211678005740D7 /* TCTableViewController.m in Sources */,
				92E68D2D14228913000A4569 /* ActiveRecordHelpers.m in Sources */,
				92E68D2E14228913000A4569 /* ARCoreDataAction.m in Sources */,
				92E68D2F14228913000A4569 /* NSManagedObject+ActiveRecord.m in Sources */,
				92E68D3014228913000A4569 /* NSManagedObjectContext+ActiveRecord.m in Sources */,
				92E68D3114228913000A4569 /* NSManagedObjectModel+ActiveRecord.m in Sources */,
				92E68D3214228913000A4569 /* NSPersistentStore+ActiveRecord.m in Sources */,
				92E68D3314228913000A4569 /* NSPersistentStoreCoordinator+ActiveRecord.m in Sources */,
				92FAD2461427B24F00F43636 /* TCTableViewCell.m in Sources */,
				92FAD2491427D01800F43636 /* NSDate+Helper.m in Sources */,
				9282F0501429335E000739D2 /* Tweet.m in Sources */,
			);
			runOnlyForDeploymentPostprocessing = 0;
		};
/* End PBXSourcesBuildPhase section */

/* Begin PBXVariantGroup section */
		9278CF6C141FEA5700B70414 /* InfoPlist.strings */ = {
			isa = PBXVariantGroup;
			children = (
				9278CF6D141FEA5700B70414 /* en */,
			);
			name = InfoPlist.strings;
			sourceTree = "<group>";
		};
/* End PBXVariantGroup section */

/* Begin XCBuildConfiguration section */
		9278CF7B141FEA5700B70414 /* Debug */ = {
			isa = XCBuildConfiguration;
			buildSettings = {
				ALWAYS_SEARCH_USER_PATHS = NO;
				ARCHS = "$(ARCHS_STANDARD_32_BIT)";
				"CODE_SIGN_IDENTITY[sdk=iphoneos*]" = "iPhone Developer";
				COPY_PHASE_STRIP = NO;
				GCC_C_LANGUAGE_STANDARD = gnu99;
				GCC_DYNAMIC_NO_PIC = NO;
				GCC_OPTIMIZATION_LEVEL = 0;
				GCC_PREPROCESSOR_DEFINITIONS = (
					"DEBUG=1",
					"$(inherited)",
				);
				GCC_SYMBOLS_PRIVATE_EXTERN = NO;
				GCC_VERSION = com.apple.compilers.llvmgcc42;
				GCC_WARN_ABOUT_MISSING_PROTOTYPES = YES;
				GCC_WARN_ABOUT_RETURN_TYPE = YES;
				GCC_WARN_UNUSED_VARIABLE = YES;
				IPHONEOS_DEPLOYMENT_TARGET = 4.3;
				LD_RUNPATH_SEARCH_PATHS = "@loader_path/../Frameworks";
				SDKROOT = iphoneos;
				TARGETED_DEVICE_FAMILY = 1;
			};
			name = Debug;
		};
		9278CF7C141FEA5700B70414 /* Release */ = {
			isa = XCBuildConfiguration;
			buildSettings = {
				ALWAYS_SEARCH_USER_PATHS = NO;
				ARCHS = "$(ARCHS_STANDARD_32_BIT)";
				"CODE_SIGN_IDENTITY[sdk=iphoneos*]" = "iPhone Developer";
				COPY_PHASE_STRIP = YES;
				GCC_C_LANGUAGE_STANDARD = gnu99;
				GCC_VERSION = com.apple.compilers.llvmgcc42;
				GCC_WARN_ABOUT_MISSING_PROTOTYPES = YES;
				GCC_WARN_ABOUT_RETURN_TYPE = YES;
				GCC_WARN_UNUSED_VARIABLE = YES;
				IPHONEOS_DEPLOYMENT_TARGET = 4.3;
				LD_RUNPATH_SEARCH_PATHS = "@loader_path/../Frameworks";
				OTHER_CFLAGS = "-DNS_BLOCK_ASSERTIONS=1";
				SDKROOT = iphoneos;
				TARGETED_DEVICE_FAMILY = 1;
				VALIDATE_PRODUCT = YES;
			};
			name = Release;
		};
		9278CF7E141FEA5700B70414 /* Debug */ = {
			isa = XCBuildConfiguration;
			buildSettings = {
				FRAMEWORK_SEARCH_PATHS = (
					"$(inherited)",
					"\"$(SRCROOT)/Frameworks\"",
				);
				GCC_PRECOMPILE_PREFIX_HEADER = YES;
				GCC_PREFIX_HEADER = "TweetieCage/TweetieCage-Prefix.pch";
				INFOPLIST_FILE = "TweetieCage/TweetieCage-Info.plist";
				LD_RUNPATH_SEARCH_PATHS = "";
				OTHER_LDFLAGS = (
					"-all_load",
					"-ObjC",
				);
				PRODUCT_NAME = "$(TARGET_NAME)";
				WRAPPER_EXTENSION = app;
			};
			name = Debug;
		};
		9278CF7F141FEA5700B70414 /* Release */ = {
			isa = XCBuildConfiguration;
			buildSettings = {
				FRAMEWORK_SEARCH_PATHS = (
					"$(inherited)",
					"\"$(SRCROOT)/Frameworks\"",
				);
				GCC_PRECOMPILE_PREFIX_HEADER = YES;
				GCC_PREFIX_HEADER = "TweetieCage/TweetieCage-Prefix.pch";
				INFOPLIST_FILE = "TweetieCage/TweetieCage-Info.plist";
				LD_RUNPATH_SEARCH_PATHS = "";
				OTHER_LDFLAGS = (
					"-all_load",
					"-ObjC",
				);
				PRODUCT_NAME = "$(TARGET_NAME)";
				WRAPPER_EXTENSION = app;
			};
			name = Release;
		};
/* End XCBuildConfiguration section */

/* Begin XCConfigurationList section */
		9278CF57141FEA5700B70414 /* Build configuration list for PBXProject "TweetieCage" */ = {
			isa = XCConfigurationList;
			buildConfigurations = (
				9278CF7B141FEA5700B70414 /* Debug */,
				9278CF7C141FEA5700B70414 /* Release */,
			);
			defaultConfigurationIsVisible = 0;
			defaultConfigurationName = Release;
		};
		9278CF7D141FEA5700B70414 /* Build configuration list for PBXNativeTarget "TweetieCage" */ = {
			isa = XCConfigurationList;
			buildConfigurations = (
				9278CF7E141FEA5700B70414 /* Debug */,
				9278CF7F141FEA5700B70414 /* Release */,
			);
			defaultConfigurationIsVisible = 0;
			defaultConfigurationName = Release;
		};
/* End XCConfigurationList section */

/* Begin XCVersionGroup section */
		9278CF78141FEA5700B70414 /* TweetieCage.xcdatamodeld */ = {
			isa = XCVersionGroup;
			children = (
				9278CF79141FEA5700B70414 /* TweetieCage.xcdatamodel */,
			);
			currentVersion = 9278CF79141FEA5700B70414 /* TweetieCage.xcdatamodel */;
			path = TweetieCage.xcdatamodeld;
			sourceTree = "<group>";
			versionGroupType = wrapper.xcdatamodel;
		};
/* End XCVersionGroup section */
	};
	rootObject = 9278CF54141FEA5700B70414 /* Project object */;
}
